Microsoft Visual Studio Solution File, Format Version 12.00
# Visual Studio Version 17
VisualStudioVersion = 17.5.2.0
MinimumVisualStudioVersion = 10.0.40219.1
Project("{FAE04EC0-301F-11D3-BF4B-00C04F79EFBC}") = "HMCTSCodingChallenge.API", "HMCTSCodingChallenge.API.csproj", "{7C427343-A387-AC14-D14F-0B74AACA760B}"
EndProject
Global
	GlobalSection(SolutionConfigurationPlatforms) = preSolution
		Debug|Any CPU = Debug|Any CPU
		Release|Any CPU = Release|Any CPU
	EndGlobalSection
	GlobalSection(ProjectConfigurationPlatforms) = postSolution
		{7C427343-A387-AC14-D14F-0B74AACA760B}.Debug|Any CPU.ActiveCfg = Debug|Any CPU
		{7C427343-A387-AC14-D14F-0B74AACA760B}.Debug|Any CPU.Build.0 = Debug|Any CPU
		{7C427343-A387-AC14-D14F-0B74AACA760B}.Release|Any CPU.ActiveCfg = Release|Any CPU
		{7C427343-A387-AC14-D14F-0B74AACA760B}.Release|Any CPU.Build.0 = Release|Any CPU
	EndGlobalSection
	GlobalSection(SolutionProperties) = preSolution
		HideSolutionNode = FALSE
	EndGlobalSection
	GlobalSection(ExtensibilityGlobals) = postSolution
		SolutionGuid = {856BF21C-8380-42EB-9CC8-40851C1D1521}
	EndGlobalSection
EndGlobal
